# generated by rye
# use `rye lock` or `rye sync` to update this lockfile
#
# last locked with the following flags:
#   pre: false
#   features: []
#   all-features: false
#   with-sources: false
#   generate-hashes: false
#   universal: false

-e file:.
antlr4-python3-runtime==4.9.3
    # via omegaconf
appdirs==1.4.4
    # via kedro-telemetry
arrow==1.3.0
    # via cookiecutter
attrs==24.2.0
    # via kedro
binaryornot==0.4.4
    # via cookiecutter
build==1.2.2
    # via kedro
cachetools==5.5.0
    # via kedro
certifi==2024.8.30
    # via requests
chardet==5.2.0
    # via binaryornot
charset-normalizer==3.3.2
    # via requests
click==8.1.7
    # via cookiecutter
    # via kedro
cookiecutter==2.6.0
    # via kedro
dynaconf==3.2.6
    # via kedro
fsspec==2024.9.0
    # via kedro
gitdb==4.0.11
    # via gitpython
gitpython==3.1.43
    # via kedro
idna==3.8
    # via requests
importlib-metadata==8.4.0
    # via build
    # via kedro
importlib-resources==6.4.5
    # via kedro
jinja2==3.1.4
    # via cookiecutter
kedro==0.19.8
    # via kedro-databricks
    # via kedro-telemetry
kedro-telemetry==0.6.0
    # via kedro
markdown-it-py==3.0.0
    # via rich
markupsafe==2.1.5
    # via jinja2
mdurl==0.1.2
    # via markdown-it-py
mergedeep==1.3.4
    # via kedro-databricks
more-itertools==10.5.0
    # via kedro
omegaconf==2.3.0
    # via kedro
packaging==24.1
    # via build
    # via pytoolconfig
parse==1.20.2
    # via kedro
platformdirs==4.3.2
    # via pytoolconfig
pluggy==1.5.0
    # via kedro
pre-commit-hooks==4.6.0
    # via kedro
pygments==2.18.0
    # via rich
pyproject-hooks==1.1.0
    # via build
python-dateutil==2.9.0.post0
    # via arrow
python-slugify==8.0.4
    # via cookiecutter
pytoolconfig==1.3.1
    # via rope
pyyaml==6.0.2
    # via cookiecutter
    # via kedro
    # via omegaconf
requests==2.32.3
    # via cookiecutter
    # via kedro-telemetry
rich==13.8.0
    # via cookiecutter
    # via kedro
rope==1.13.0
    # via kedro
ruamel-yaml==0.18.6
    # via pre-commit-hooks
ruamel-yaml-clib==0.2.8
    # via ruamel-yaml
six==1.16.0
    # via python-dateutil
smmap==5.0.1
    # via gitdb
text-unidecode==1.3
    # via python-slugify
toml==0.10.2
    # via kedro
tomli==2.0.1
    # via build
    # via pre-commit-hooks
    # via pytoolconfig
tomlkit==0.13.2
    # via kedro-databricks
types-python-dateutil==2.9.0.20240906
    # via arrow
typing-extensions==4.12.2
    # via kedro
urllib3==2.2.2
    # via requests
zipp==3.20.1
    # via importlib-metadata
    # via importlib-resources
